
Microsoft Visual Studio Solution File, Format Version 12.00
# Visual Studio Version 16
VisualStudioVersion = 16.0.30907.101
MinimumVisualStudioVersion = 10.0.40219.1
Project("{FAE04EC0-301F-11D3-BF4B-00C04F79EFBC}") = "RPGDatabase.DomainModel", "RPGDatabase.DomainModel\RPGDatabase.DomainModel.csproj", "{7D7CBD88-2D5A-469C-A06F-C440AA72AB9D}"
EndProject
Project("{9A19103F-16F7-4668-BE54-9A1E7A4F7556}") = "RPGDatabase.DataAccess", "RPGDatabase.DataAccess\RPGDatabase.DataAccess.csproj", "{56205CF8-3C28-4CBB-AEC5-49382FAAC178}"
EndProject
Project("{9A19103F-16F7-4668-BE54-9A1E7A4F7556}") = "RPGDatabase.BLL", "RPGDatabase.BLL\RPGDatabase.BLL.csproj", "{B83D82BF-815A-456E-8ABA-491C3148AD59}"
EndProject
Project("{FAE04EC0-301F-11D3-BF4B-00C04F79EFBC}") = "RPGDatabase.WebApi", "RPGDatabase.WebApi\RPGDatabase.WebApi.csproj", "{02CC1271-C8F9-460D-BF13-26D6A63AC654}"
EndProject
Global
	GlobalSection(SolutionConfigurationPlatforms) = preSolution
		Debug|Any CPU = Debug|Any CPU
		Release|Any CPU = Release|Any CPU
	EndGlobalSection
	GlobalSection(ProjectConfigurationPlatforms) = postSolution
		{7D7CBD88-2D5A-469C-A06F-C440AA72AB9D}.Debug|Any CPU.ActiveCfg = Debug|Any CPU
		{7D7CBD88-2D5A-469C-A06F-C440AA72AB9D}.Debug|Any CPU.Build.0 = Debug|Any CPU
		{7D7CBD88-2D5A-469C-A06F-C440AA72AB9D}.Release|Any CPU.ActiveCfg = Release|Any CPU
		{7D7CBD88-2D5A-469C-A06F-C440AA72AB9D}.Release|Any CPU.Build.0 = Release|Any CPU
		{56205CF8-3C28-4CBB-AEC5-49382FAAC178}.Debug|Any CPU.ActiveCfg = Debug|Any CPU
		{56205CF8-3C28-4CBB-AEC5-49382FAAC178}.Debug|Any CPU.Build.0 = Debug|Any CPU
		{56205CF8-3C28-4CBB-AEC5-49382FAAC178}.Release|Any CPU.ActiveCfg = Release|Any CPU
		{56205CF8-3C28-4CBB-AEC5-49382FAAC178}.Release|Any CPU.Build.0 = Release|Any CPU
		{B83D82BF-815A-456E-8ABA-491C3148AD59}.Debug|Any CPU.ActiveCfg = Debug|Any CPU
		{B83D82BF-815A-456E-8ABA-491C3148AD59}.Debug|Any CPU.Build.0 = Debug|Any CPU
		{B83D82BF-815A-456E-8ABA-491C3148AD59}.Release|Any CPU.ActiveCfg = Release|Any CPU
		{B83D82BF-815A-456E-8ABA-491C3148AD59}.Release|Any CPU.Build.0 = Release|Any CPU
		{02CC1271-C8F9-460D-BF13-26D6A63AC654}.Debug|Any CPU.ActiveCfg = Debug|Any CPU
		{02CC1271-C8F9-460D-BF13-26D6A63AC654}.Debug|Any CPU.Build.0 = Debug|Any CPU
		{02CC1271-C8F9-460D-BF13-26D6A63AC654}.Release|Any CPU.ActiveCfg = Release|Any CPU
		{02CC1271-C8F9-460D-BF13-26D6A63AC654}.Release|Any CPU.Build.0 = Release|Any CPU
	EndGlobalSection
	GlobalSection(SolutionProperties) = preSolution
		HideSolutionNode = FALSE
	EndGlobalSection
	GlobalSection(ExtensibilityGlobals) = postSolution
		SolutionGuid = {19FF4EB0-1BF7-40C9-B845-7B27FA6BDE8A}
	EndGlobalSection
EndGlobal
